
Microsoft Visual Studio Solution File, Format Version 12.00
# Visual Studio Version 17
VisualStudioVersion = 17.4.33110.190
MinimumVisualStudioVersion = 10.0.40219.1
Project("{FAE04EC0-301F-11D3-BF4B-00C04F79EFBC}") = "Calculator_DesignWin10", "Calculator_DesignWin10.csproj", "{5746FA28-902D-4343-A63B-EE8736BBAF37}"
EndProject
Global
	GlobalSection(SolutionConfigurationPlatforms) = preSolution
		Debug|Any CPU = Debug|Any CPU
		Release|Any CPU = Release|Any CPU
	EndGlobalSection
	GlobalSection(ProjectConfigurationPlatforms) = postSolution
		{5746FA28-902D-4343-A63B-EE8736BBAF37}.Debug|Any CPU.ActiveCfg = Debug|Any CPU
		{5746FA28-902D-4343-A63B-EE8736BBAF37}.Debug|Any CPU.Build.0 = Debug|Any CPU
		{5746FA28-902D-4343-A63B-EE8736BBAF37}.Release|Any CPU.ActiveCfg = Release|Any CPU
		{5746FA28-902D-4343-A63B-EE8736BBAF37}.Release|Any CPU.Build.0 = Release|Any CPU
	EndGlobalSection
	GlobalSection(SolutionProperties) = preSolution
		HideSolutionNode = FALSE
	EndGlobalSection
	GlobalSection(ExtensibilityGlobals) = postSolution
		SolutionGuid = {BFFDF023-8A82-4EC8-9C99-CD3984BB4E5C}
	EndGlobalSection
EndGlobal
