
Microsoft Visual Studio Solution File, Format Version 12.00
# Visual Studio Version 17
VisualStudioVersion = 17.4.33103.184
MinimumVisualStudioVersion = 10.0.40219.1
Project("{FAE04EC0-301F-11D3-BF4B-00C04F79EFBC}") = "Prices", "Prices\Prices.csproj", "{F0F4C3CB-8B3E-430E-9A1B-6642D3583CA2}"
EndProject
Project("{FAE04EC0-301F-11D3-BF4B-00C04F79EFBC}") = "BestOil", "BestOil\BestOil.csproj", "{08BDA998-A903-4189-9382-350991EB9B72}"
EndProject
Global
	GlobalSection(SolutionConfigurationPlatforms) = preSolution
		Debug|Any CPU = Debug|Any CPU
		Release|Any CPU = Release|Any CPU
	EndGlobalSection
	GlobalSection(ProjectConfigurationPlatforms) = postSolution
		{F0F4C3CB-8B3E-430E-9A1B-6642D3583CA2}.Debug|Any CPU.ActiveCfg = Debug|Any CPU
		{F0F4C3CB-8B3E-430E-9A1B-6642D3583CA2}.Debug|Any CPU.Build.0 = Debug|Any CPU
		{F0F4C3CB-8B3E-430E-9A1B-6642D3583CA2}.Release|Any CPU.ActiveCfg = Release|Any CPU
		{F0F4C3CB-8B3E-430E-9A1B-6642D3583CA2}.Release|Any CPU.Build.0 = Release|Any CPU
		{08BDA998-A903-4189-9382-350991EB9B72}.Debug|Any CPU.ActiveCfg = Debug|Any CPU
		{08BDA998-A903-4189-9382-350991EB9B72}.Debug|Any CPU.Build.0 = Debug|Any CPU
		{08BDA998-A903-4189-9382-350991EB9B72}.Release|Any CPU.ActiveCfg = Release|Any CPU
		{08BDA998-A903-4189-9382-350991EB9B72}.Release|Any CPU.Build.0 = Release|Any CPU
	EndGlobalSection
	GlobalSection(SolutionProperties) = preSolution
		HideSolutionNode = FALSE
	EndGlobalSection
	GlobalSection(ExtensibilityGlobals) = postSolution
		SolutionGuid = {99B04907-8F0B-4111-A1F8-13D0872C9276}
	EndGlobalSection
EndGlobal
